
Microsoft Visual Studio Solution File, Format Version 12.00
# Visual Studio 14
VisualStudioVersion = 14.0.25123.0
MinimumVisualStudioVersion = 10.0.40219.1
Project("{FAE04EC0-301F-11D3-BF4B-00C04F79EFBC}") = "dlv.cakeland.com", "dlv.cakeland.com.csproj", "{C88C3299-D65D-4D2A-AD41-447A8CD1CC51}"
EndProject
Global
	GlobalSection(SolutionConfigurationPlatforms) = preSolution
		Debug|Any CPU = Debug|Any CPU
		Release|Any CPU = Release|Any CPU
	EndGlobalSection
	GlobalSection(ProjectConfigurationPlatforms) = postSolution
		{C88C3299-D65D-4D2A-AD41-447A8CD1CC51}.Debug|Any CPU.ActiveCfg = Debug|Any CPU
		{C88C3299-D65D-4D2A-AD41-447A8CD1CC51}.Debug|Any CPU.Build.0 = Debug|Any CPU
		{C88C3299-D65D-4D2A-AD41-447A8CD1CC51}.Release|Any CPU.ActiveCfg = Release|Any CPU
		{C88C3299-D65D-4D2A-AD41-447A8CD1CC51}.Release|Any CPU.Build.0 = Release|Any CPU
	EndGlobalSection
	GlobalSection(SolutionProperties) = preSolution
		HideSolutionNode = FALSE
	EndGlobalSection
EndGlobal
